PODS:
  - Alamofire (1.1.4)
  - Bolts (1.1.4)
  - Facebook-iOS-SDK (3.23.2):
    - Bolts (~> 1.0)
  - SSKeychain (1.2.2)

DEPENDENCIES:
  - Alamofire (~> 1.1)
  - Facebook-iOS-SDK (~> 3.23.1)
  - SSKeychain (~> 1.2)

SPEC CHECKSUMS:
  Alamofire: 524225da382071ee3e6d0badd0ee4b4dc36740de
  Bolts: dd9fb8433d67f5acc3b6b4d1379bbc5513d716c1
  Facebook-iOS-SDK: cd87f0b2f0c1d9574b44e8fa2baacc275524bac3
  SSKeychain: cc48bd3ad24fcd9125adb9e0d23dd50b8bbd08b9

COCOAPODS: 0.36.0
